
Microsoft Visual Studio Solution File, Format Version 12.00
# Visual Studio Version 16
VisualStudioVersion = 16.0.29613.14
MinimumVisualStudioVersion = 10.0.40219.1
Project("{FAE04EC0-301F-11D3-BF4B-00C04F79EFBC}") = "StudentManagement", "StudentManagement\StudentManagement.csproj", "{4DB3930C-D73E-4A5A-8FC4-08B19DF80607}"
EndProject
Global
	GlobalSection(SolutionConfigurationPlatforms) = preSolution
		Debug|Any CPU = Debug|Any CPU
		Release|Any CPU = Release|Any CPU
	EndGlobalSection
	GlobalSection(ProjectConfigurationPlatforms) = postSolution
		{4DB3930C-D73E-4A5A-8FC4-08B19DF80607}.Debug|Any CPU.ActiveCfg = Debug|Any CPU
		{4DB3930C-D73E-4A5A-8FC4-08B19DF80607}.Debug|Any CPU.Build.0 = Debug|Any CPU
		{4DB3930C-D73E-4A5A-8FC4-08B19DF80607}.Release|Any CPU.ActiveCfg = Release|Any CPU
		{4DB3930C-D73E-4A5A-8FC4-08B19DF80607}.Release|Any CPU.Build.0 = Release|Any CPU
	EndGlobalSection
	GlobalSection(SolutionProperties) = preSolution
		HideSolutionNode = FALSE
	EndGlobalSection
	GlobalSection(ExtensibilityGlobals) = postSolution
		SolutionGuid = {F2AFB5A0-B455-4AD3-A32E-0B2EAFC74F95}
	EndGlobalSection
EndGlobal
